
Microsoft Visual Studio Solution File, Format Version 12.00
# Visual Studio Version 16
VisualStudioVersion = 16.0.810.20
MinimumVisualStudioVersion = 10.0.40219.1
Project("{FAE04EC0-301F-11D3-BF4B-00C04F79EFBC}") = "PhoneNumberAnalysis", "PhoneNumberAnalysis.csproj", "{D74F4474-537B-4FD9-9B92-7FC2A82EDF40}"
EndProject
Global
	GlobalSection(SolutionConfigurationPlatforms) = preSolution
		Debug|Any CPU = Debug|Any CPU
		Release|Any CPU = Release|Any CPU
	EndGlobalSection
	GlobalSection(ProjectConfigurationPlatforms) = postSolution
		{D74F4474-537B-4FD9-9B92-7FC2A82EDF40}.Debug|Any CPU.ActiveCfg = Debug|Any CPU
		{D74F4474-537B-4FD9-9B92-7FC2A82EDF40}.Debug|Any CPU.Build.0 = Debug|Any CPU
		{D74F4474-537B-4FD9-9B92-7FC2A82EDF40}.Release|Any CPU.ActiveCfg = Release|Any CPU
		{D74F4474-537B-4FD9-9B92-7FC2A82EDF40}.Release|Any CPU.Build.0 = Release|Any CPU
	EndGlobalSection
	GlobalSection(SolutionProperties) = preSolution
		HideSolutionNode = FALSE
	EndGlobalSection
	GlobalSection(ExtensibilityGlobals) = postSolution
		SolutionGuid = {2AAF3B38-E34B-4AB5-A4F2-1B4835080461}
	EndGlobalSection
EndGlobal
