
Microsoft Visual Studio Solution File, Format Version 12.00
# Visual Studio Version 16
VisualStudioVersion = 16.0.810.20
MinimumVisualStudioVersion = 10.0.40219.1
Project("{FAE04EC0-301F-11D3-BF4B-00C04F79EFBC}") = "LuciansLusciousLasagna", "LuciansLusciousLasagna.csproj", "{A569252F-5340-45DD-A8CB-264E4FCCED45}"
EndProject
Global
	GlobalSection(SolutionConfigurationPlatforms) = preSolution
		Debug|Any CPU = Debug|Any CPU
		Release|Any CPU = Release|Any CPU
	EndGlobalSection
	GlobalSection(ProjectConfigurationPlatforms) = postSolution
		{A569252F-5340-45DD-A8CB-264E4FCCED45}.Debug|Any CPU.ActiveCfg = Debug|Any CPU
		{A569252F-5340-45DD-A8CB-264E4FCCED45}.Debug|Any CPU.Build.0 = Debug|Any CPU
		{A569252F-5340-45DD-A8CB-264E4FCCED45}.Release|Any CPU.ActiveCfg = Release|Any CPU
		{A569252F-5340-45DD-A8CB-264E4FCCED45}.Release|Any CPU.Build.0 = Release|Any CPU
	EndGlobalSection
	GlobalSection(SolutionProperties) = preSolution
		HideSolutionNode = FALSE
	EndGlobalSection
	GlobalSection(ExtensibilityGlobals) = postSolution
		SolutionGuid = {0D81451C-C05E-45BE-8A4B-D91D6BB5D708}
	EndGlobalSection
EndGlobal
