
Microsoft Visual Studio Solution File, Format Version 12.00
# Visual Studio Version 16
VisualStudioVersion = 25.0.1704.3
MinimumVisualStudioVersion = 10.0.40219.1
Project("{FAE04EC0-301F-11D3-BF4B-00C04F79EFBC}") = "InternationalCallingConnoisseur", "InternationalCallingConnoisseur.csproj", "{A800EC52-0996-4F0D-AB2B-34C649801DF9}"
EndProject
Global
	GlobalSection(SolutionConfigurationPlatforms) = preSolution
		Debug|Any CPU = Debug|Any CPU
		Release|Any CPU = Release|Any CPU
	EndGlobalSection
	GlobalSection(ProjectConfigurationPlatforms) = postSolution
		{A800EC52-0996-4F0D-AB2B-34C649801DF9}.Debug|Any CPU.ActiveCfg = Debug|Any CPU
		{A800EC52-0996-4F0D-AB2B-34C649801DF9}.Debug|Any CPU.Build.0 = Debug|Any CPU
		{A800EC52-0996-4F0D-AB2B-34C649801DF9}.Release|Any CPU.ActiveCfg = Release|Any CPU
		{A800EC52-0996-4F0D-AB2B-34C649801DF9}.Release|Any CPU.Build.0 = Release|Any CPU
	EndGlobalSection
	GlobalSection(SolutionProperties) = preSolution
		HideSolutionNode = FALSE
	EndGlobalSection
	GlobalSection(ExtensibilityGlobals) = postSolution
		SolutionGuid = {1ECDEC01-C79C-4174-A03A-6DAB50C8746F}
	EndGlobalSection
EndGlobal
