
Microsoft Visual Studio Solution File, Format Version 12.00
# Visual Studio Version 16
VisualStudioVersion = 16.0.810.20
MinimumVisualStudioVersion = 10.0.40219.1
Project("{FAE04EC0-301F-11D3-BF4B-00C04F79EFBC}") = "AnnalynsInfiltration", "AnnalynsInfiltration.csproj", "{942D4D26-AA3A-4EC5-8706-C833F61611EE}"
EndProject
Global
	GlobalSection(SolutionConfigurationPlatforms) = preSolution
		Debug|Any CPU = Debug|Any CPU
		Release|Any CPU = Release|Any CPU
	EndGlobalSection
	GlobalSection(ProjectConfigurationPlatforms) = postSolution
		{942D4D26-AA3A-4EC5-8706-C833F61611EE}.Debug|Any CPU.ActiveCfg = Debug|Any CPU
		{942D4D26-AA3A-4EC5-8706-C833F61611EE}.Debug|Any CPU.Build.0 = Debug|Any CPU
		{942D4D26-AA3A-4EC5-8706-C833F61611EE}.Release|Any CPU.ActiveCfg = Release|Any CPU
		{942D4D26-AA3A-4EC5-8706-C833F61611EE}.Release|Any CPU.Build.0 = Release|Any CPU
	EndGlobalSection
	GlobalSection(SolutionProperties) = preSolution
		HideSolutionNode = FALSE
	EndGlobalSection
	GlobalSection(ExtensibilityGlobals) = postSolution
		SolutionGuid = {39C180F2-0846-44EC-8DBB-97DBAB8DD475}
	EndGlobalSection
EndGlobal
